
Microsoft Visual Studio Solution File, Format Version 12.00
# Visual Studio 15
VisualStudioVersion = 15.0.27130.2020
MinimumVisualStudioVersion = 10.0.40219.1
Project("{2150E333-8FDC-42A3-9474-1A3956D46DE8}") = "Day06", "Day06", "{C70AB2B0-A722-406A-99BE-C0D4B8F0D8BE}"
EndProject
Project("{8BC9CEB8-8B4A-11D0-8D11-00A0C91BC942}") = "单继承", "Day06\Test\Test.vcxproj", "{1486581B-73B4-44F2-8762-F372D8DE83BC}"
EndProject
Project("{8BC9CEB8-8B4A-11D0-8D11-00A0C91BC942}") = "多继承以及虚继承", "Day06\多继承以及虚继承\多继承以及虚继承.vcxproj", "{D843BAD0-E769-4D4A-98AB-F8322AA8AC2B}"
EndProject
Project("{8BC9CEB8-8B4A-11D0-8D11-00A0C91BC942}") = "多态", "Day06\多态\多态.vcxproj", "{1284BFD8-1DD6-4132-9804-8837BC631A65}"
EndProject
Project("{8BC9CEB8-8B4A-11D0-8D11-00A0C91BC942}") = "虚析构函数", "Day06\虚析构函数\虚析构函数.vcxproj", "{4618784B-D57E-4020-992F-E6AAD9816F67}"
EndProject
Project("{2150E333-8FDC-42A3-9474-1A3956D46DE8}") = "Day07", "Day07", "{5C496728-A56C-4EB9-B2A6-889E2E96F883}"
EndProject
Project("{8BC9CEB8-8B4A-11D0-8D11-00A0C91BC942}") = "Test", "Day07\Test\Test.vcxproj", "{C532386E-75F7-42FD-8C38-6FCA39CF28CA}"
EndProject
Project("{8BC9CEB8-8B4A-11D0-8D11-00A0C91BC942}") = "Practice", "Day07\Practice\Practice.vcxproj", "{CAECA2DB-87E5-4E31-9400-2A2C825B3B7C}"
EndProject
Project("{8BC9CEB8-8B4A-11D0-8D11-00A0C91BC942}") = "AbstractProgramming", "Day07\AbstractProgramming\AbstractProgramming.vcxproj", "{89B35225-1A79-4110-A23E-4B5DF9522EF9}"
EndProject
Project("{2150E333-8FDC-42A3-9474-1A3956D46DE8}") = "Day08", "Day08", "{0515BE67-277E-4D20-AD2B-65DAEC72E9EC}"
EndProject
Project("{8BC9CEB8-8B4A-11D0-8D11-00A0C91BC942}") = "Test", "Day08\Test\Test.vcxproj", "{FEF97FE0-B936-4FD0-98BD-82D85A8312F4}"
EndProject
Project("{8BC9CEB8-8B4A-11D0-8D11-00A0C91BC942}") = "IteratorTest", "Day08\IteratorTest\IteratorTest.vcxproj", "{79425155-8FB7-48C6-9140-88AE61DF9C52}"
EndProject
Project("{8BC9CEB8-8B4A-11D0-8D11-00A0C91BC942}") = "Shape", "Day08\Shape\Shape.vcxproj", "{871CB26B-041C-47D6-B6C0-C92377BC847A}"
EndProject
Project("{8BC9CEB8-8B4A-11D0-8D11-00A0C91BC942}") = "MIS", "Day08\MIS\MIS.vcxproj", "{6629C7CD-F3BF-4AED-BDAE-5F1BF649BC31}"
EndProject
Project("{8BC9CEB8-8B4A-11D0-8D11-00A0C91BC942}") = "MIS2", "Day08\MIS2\MIS2.vcxproj", "{0EA66398-6805-492F-A6EB-9017C9954C0A}"
EndProject
Project("{2150E333-8FDC-42A3-9474-1A3956D46DE8}") = "Day09", "Day09", "{119B1534-3C6D-47B6-A871-58E2007F654F}"
EndProject
Project("{8BC9CEB8-8B4A-11D0-8D11-00A0C91BC942}") = "TemplateFunction", "Day09\TemplateFunction\TemplateFunction.vcxproj", "{41B470B2-2A46-46A7-B7EE-F08371240103}"
EndProject
Project("{8BC9CEB8-8B4A-11D0-8D11-00A0C91BC942}") = "SocketImitate", "Day09\SocketImitate\SocketImitate.vcxproj", "{38D96419-0847-4764-98D5-36FBED7D0390}"
EndProject
Project("{8BC9CEB8-8B4A-11D0-8D11-00A0C91BC942}") = "TemplateSort", "Day09\TemplateSort\TemplateSort.vcxproj", "{493FF831-E72A-4B62-A4E5-F437C0BF1C5F}"
EndProject
Project("{8BC9CEB8-8B4A-11D0-8D11-00A0C91BC942}") = "Template", "Day09\Template\Template.vcxproj", "{E371F958-74BF-4B30-9396-3E664FD97DA6}"
EndProject
Project("{8BC9CEB8-8B4A-11D0-8D11-00A0C91BC942}") = "Test", "Day09\Test\Test.vcxproj", "{6AB74255-930D-40AB-A5A4-DEEA946CAFA2}"
EndProject
Project("{2150E333-8FDC-42A3-9474-1A3956D46DE8}") = "Day10", "Day10", "{F8A933A3-EDF6-4734-AA2E-262890A30105}"
EndProject
Project("{8BC9CEB8-8B4A-11D0-8D11-00A0C91BC942}") = "MyArray", "Day10\MyArray\MyArray.vcxproj", "{39D9BC96-F18E-42B9-83B2-86802DC9B178}"
EndProject
Project("{8BC9CEB8-8B4A-11D0-8D11-00A0C91BC942}") = "TypeConversion", "Day10\TypeConversion\TypeConversion.vcxproj", "{6AF4AA6F-05BA-4BA5-B4AF-A947B017D8DE}"
EndProject
Project("{8BC9CEB8-8B4A-11D0-8D11-00A0C91BC942}") = "Exception", "Day10\Exception\Exception.vcxproj", "{10A62C80-96D7-4991-96E2-CC2234DC1070}"
EndProject
Project("{8BC9CEB8-8B4A-11D0-8D11-00A0C91BC942}") = "栈解旋", "Day10\栈解旋\栈解旋.vcxproj", "{EE144468-440B-4895-912F-911F60860128}"
EndProject
Project("{8BC9CEB8-8B4A-11D0-8D11-00A0C91BC942}") = "MyException", "Day10\MyException\MyException.vcxproj", "{8E3D8115-5EF0-4AD2-ABC4-23CA59D6185E}"
EndProject
Project("{2150E333-8FDC-42A3-9474-1A3956D46DE8}") = "Day11", "Day11", "{5AD21354-6E31-4B54-A014-3CA948D6C5A8}"
EndProject
Project("{8BC9CEB8-8B4A-11D0-8D11-00A0C91BC942}") = "OutputStream", "Day11\OutputStream\OutputStream.vcxproj", "{CC364B95-A6D5-4413-8466-0A7D09727E71}"
EndProject
Project("{8BC9CEB8-8B4A-11D0-8D11-00A0C91BC942}") = "InputStream", "Day11\InputStream\InputStream.vcxproj", "{F85D42F3-0CC8-43A2-A25C-4F100D6C9FB5}"
EndProject
Project("{8BC9CEB8-8B4A-11D0-8D11-00A0C91BC942}") = "Read-Write-File", "Day11\Read-Write-File\Read-Write-File.vcxproj", "{8C57B08B-EC61-44C1-9F76-83ABC9746A30}"
EndProject
Project("{8BC9CEB8-8B4A-11D0-8D11-00A0C91BC942}") = "ObjectWriteFile", "Day11\ObjectWriteFile\ObjectWriteFile.vcxproj", "{78A89554-AAC1-446F-A791-C4391FBC0BF2}"
EndProject
Project("{8BC9CEB8-8B4A-11D0-8D11-00A0C91BC942}") = "Vector", "Day11\Vector\Vector.vcxproj", "{8EF43D6A-F7EA-4271-B898-7875DAE09C67}"
EndProject
Project("{8BC9CEB8-8B4A-11D0-8D11-00A0C91BC942}") = "String", "Day11\String\String.vcxproj", "{FE9C75D2-78F4-4DFB-A9B4-C0937EC0E158}"
EndProject
Project("{8BC9CEB8-8B4A-11D0-8D11-00A0C91BC942}") = "Email", "Day11\Email\Email.vcxproj", "{5EA35772-72F1-4AA4-A33E-A7FE8259CA4B}"
EndProject
Project("{2150E333-8FDC-42A3-9474-1A3956D46DE8}") = "Day12", "Day12", "{E11BA465-A037-4DEB-AD3E-0AD70796062E}"
EndProject
Project("{8BC9CEB8-8B4A-11D0-8D11-00A0C91BC942}") = "Deque", "Day12\Deque\Deque.vcxproj", "{85F2556D-771D-4A40-8BB1-1E2D0AD52DAD}"
EndProject
Project("{8BC9CEB8-8B4A-11D0-8D11-00A0C91BC942}") = "Stack", "Day12\Stack\Stack.vcxproj", "{35DCBF55-8D23-460F-873A-E3A80A46347A}"
EndProject
Project("{8BC9CEB8-8B4A-11D0-8D11-00A0C91BC942}") = "Queue", "Day12\Queue\Queue.vcxproj", "{FEE99583-A148-45F6-85A2-33A1EA08DC2E}"
EndProject
Project("{8BC9CEB8-8B4A-11D0-8D11-00A0C91BC942}") = "MyLinkedList", "Day12\MyLinkedList\MyLinkedList.vcxproj", "{F0285274-5525-4810-AF0A-BF290476A7DE}"
EndProject
Project("{8BC9CEB8-8B4A-11D0-8D11-00A0C91BC942}") = "List", "Day12\List\List.vcxproj", "{B29AF94E-B3A0-4AC4-B875-89A6677EF645}"
EndProject
Project("{8BC9CEB8-8B4A-11D0-8D11-00A0C91BC942}") = "Set", "Day12\Set\Set.vcxproj", "{D520A42C-ECCC-44BC-9A27-71959382AA4F}"
EndProject
Project("{8BC9CEB8-8B4A-11D0-8D11-00A0C91BC942}") = "Pair", "Day12\Pair\Pair.vcxproj", "{7FBEEBC2-5D15-497E-895C-4902C0F1E11F}"
EndProject
Project("{2150E333-8FDC-42A3-9474-1A3956D46DE8}") = "Day13", "Day13", "{3103C24A-19E2-408D-9CF1-0198BD7E6FC8}"
EndProject
Project("{8BC9CEB8-8B4A-11D0-8D11-00A0C91BC942}") = "Map", "Day13\Map\Map.vcxproj", "{03C36B00-D203-4ACD-BFEB-7C44089EBA64}"
EndProject
Project("{8BC9CEB8-8B4A-11D0-8D11-00A0C91BC942}") = "Functional", "Day13\Functional\Functional.vcxproj", "{BF510E67-B022-4DC8-B1BB-DFD9AE9D5456}"
EndProject
Project("{8BC9CEB8-8B4A-11D0-8D11-00A0C91BC942}") = "Algorithm", "Day13\Algorithm\Algorithm.vcxproj", "{FF10D6E1-83A3-41E5-BFAB-93DEF88AB2B4}"
EndProject
Project("{8BC9CEB8-8B4A-11D0-8D11-00A0C91BC942}") = "Priority_queueTest", "Day13\Priority_queueTest\Priority_queueTest.vcxproj", "{57469EE4-2896-4972-90BB-A956F14893C8}"
EndProject
Project("{2150E333-8FDC-42A3-9474-1A3956D46DE8}") = "Day14", "Day14", "{38E446CA-22AF-4F29-AADD-4B5125D03CA1}"
EndProject
Project("{8BC9CEB8-8B4A-11D0-8D11-00A0C91BC942}") = "Test", "Day14\Test\Test.vcxproj", "{A2CA3B81-197E-40D6-8CA7-371F6526CFF5}"
EndProject
Project("{8BC9CEB8-8B4A-11D0-8D11-00A0C91BC942}") = "SpeechContestDemo", "Day14\SpeechContestDemo\SpeechContestDemo.vcxproj", "{77CE28EE-A2CF-45E6-944D-BE2C0853CD08}"
EndProject
Project("{8BC9CEB8-8B4A-11D0-8D11-00A0C91BC942}") = "Demo", "Day14\Demo\Demo.vcxproj", "{AF8DDE48-1046-431E-90F8-F9C93F9FDA41}"
EndProject
Project("{8BC9CEB8-8B4A-11D0-8D11-00A0C91BC942}") = "OpenClosedPrinciple", "Day14\OpenClosedPrinciple\OpenClosedPrinciple.vcxproj", "{1E19EE39-8FA2-4919-A639-A950A564AD77}"
EndProject
Project("{8BC9CEB8-8B4A-11D0-8D11-00A0C91BC942}") = "LawOfDemeter", "Day14\LawOfDemeter\LawOfDemeter.vcxproj", "{73D4CE50-75C2-4E36-9497-1CF496AFF5EA}"
EndProject
Project("{8BC9CEB8-8B4A-11D0-8D11-00A0C91BC942}") = "TCP", "Day14\TCP\TCP.vcxproj", "{37428D5B-30B1-4A03-93AC-E45B0E796831}"
EndProject
Project("{8BC9CEB8-8B4A-11D0-8D11-00A0C91BC942}") = "TCPClient", "TCPClient\TCPClient.vcxproj", "{6D6C5E08-01A7-4D01-9729-F98F61EA7B3E}"
EndProject
Project("{2150E333-8FDC-42A3-9474-1A3956D46DE8}") = "Day15", "Day15", "{092C3676-62AD-4DD3-9A27-251DF6357051}"
EndProject
Project("{8BC9CEB8-8B4A-11D0-8D11-00A0C91BC942}") = "DependenceInversionPrinciple", "Day15\DependenceInversionPrinciple\DependenceInversionPrinciple.vcxproj", "{5DD60398-C054-4E94-846E-A55239FE99EF}"
EndProject
Project("{8BC9CEB8-8B4A-11D0-8D11-00A0C91BC942}") = "FactoryMethodPattern", "Day15\FactoryMethodPattern\FactoryMethodPattern.vcxproj", "{6A02B7C4-6B7E-4EB0-85C1-907FB7371EA5}"
EndProject
Project("{8BC9CEB8-8B4A-11D0-8D11-00A0C91BC942}") = "Temp", "Day15\Temp\Temp.vcxproj", "{62C8EC13-86B3-4564-8341-0DFE0C36EC2E}"
EndProject
Project("{8BC9CEB8-8B4A-11D0-8D11-00A0C91BC942}") = "SingletonPattern", "Day15\SingletonPattern\SingletonPattern.vcxproj", "{404D0DE3-AF3E-41F2-BDC6-8E88153E9528}"
EndProject
Project("{8BC9CEB8-8B4A-11D0-8D11-00A0C91BC942}") = "ProxyPattern", "Day15\ProxyPattern\ProxyPattern.vcxproj", "{64CF56D4-8650-45D8-B5F6-C21CEB9CBF10}"
EndProject
Project("{2150E333-8FDC-42A3-9474-1A3956D46DE8}") = "Day16", "Day16", "{6EB38D18-38A2-478C-941D-7AA00D961C3C}"
EndProject
Project("{8BC9CEB8-8B4A-11D0-8D11-00A0C91BC942}") = "Facade", "Day16\Facade\Facade.vcxproj", "{3BE07D69-5024-40F5-A3CE-569F78B0EBD3}"
EndProject
Project("{8BC9CEB8-8B4A-11D0-8D11-00A0C91BC942}") = "AdapterPattern", "Day16\AdapterPattern\AdapterPattern.vcxproj", "{8A8EEB66-C59F-4BE9-894A-CCDAC80DBBED}"
EndProject
Project("{8BC9CEB8-8B4A-11D0-8D11-00A0C91BC942}") = "TemplateMethodPattern", "Day16\TemplateMethodPattern\TemplateMethodPattern.vcxproj", "{77C5FF2C-B142-4327-83D2-C4C1D14E4312}"
EndProject
Project("{8BC9CEB8-8B4A-11D0-8D11-00A0C91BC942}") = "StrategyPattern", "Day16\StrategyPattern\StrategyPattern.vcxproj", "{2981F008-34B8-41A3-AD9C-98DFA236FEB5}"
EndProject
Project("{8BC9CEB8-8B4A-11D0-8D11-00A0C91BC942}") = "ObserverPattern", "Day16\ObserverPattern\ObserverPattern.vcxproj", "{428C9AF0-1793-4F3E-8AFC-65D23F0C4B15}"
EndProject
Global
	GlobalSection(SolutionConfigurationPlatforms) = preSolution
		Debug|x64 = Debug|x64
		Debug|x86 = Debug|x86
		Release|x64 = Release|x64
		Release|x86 = Release|x86
	EndGlobalSection
	GlobalSection(ProjectConfigurationPlatforms) = postSolution
		{1486581B-73B4-44F2-8762-F372D8DE83BC}.Debug|x64.ActiveCfg = Debug|x64
		{1486581B-73B4-44F2-8762-F372D8DE83BC}.Debug|x64.Build.0 = Debug|x64
		{1486581B-73B4-44F2-8762-F372D8DE83BC}.Debug|x86.ActiveCfg = Debug|Win32
		{1486581B-73B4-44F2-8762-F372D8DE83BC}.Debug|x86.Build.0 = Debug|Win32
		{1486581B-73B4-44F2-8762-F372D8DE83BC}.Release|x64.ActiveCfg = Release|x64
		{1486581B-73B4-44F2-8762-F372D8DE83BC}.Release|x64.Build.0 = Release|x64
		{1486581B-73B4-44F2-8762-F372D8DE83BC}.Release|x86.ActiveCfg = Release|Win32
		{1486581B-73B4-44F2-8762-F372D8DE83BC}.Release|x86.Build.0 = Release|Win32
		{D843BAD0-E769-4D4A-98AB-F8322AA8AC2B}.Debug|x64.ActiveCfg = Debug|x64
		{D843BAD0-E769-4D4A-98AB-F8322AA8AC2B}.Debug|x64.Build.0 = Debug|x64
		{D843BAD0-E769-4D4A-98AB-F8322AA8AC2B}.Debug|x86.ActiveCfg = Debug|Win32
		{D843BAD0-E769-4D4A-98AB-F8322AA8AC2B}.Debug|x86.Build.0 = Debug|Win32
		{D843BAD0-E769-4D4A-98AB-F8322AA8AC2B}.Release|x64.ActiveCfg = Release|x64
		{D843BAD0-E769-4D4A-98AB-F8322AA8AC2B}.Release|x64.Build.0 = Release|x64
		{D843BAD0-E769-4D4A-98AB-F8322AA8AC2B}.Release|x86.ActiveCfg = Release|Win32
		{D843BAD0-E769-4D4A-98AB-F8322AA8AC2B}.Release|x86.Build.0 = Release|Win32
		{1284BFD8-1DD6-4132-9804-8837BC631A65}.Debug|x64.ActiveCfg = Debug|x64
		{1284BFD8-1DD6-4132-9804-8837BC631A65}.Debug|x64.Build.0 = Debug|x64
		{1284BFD8-1DD6-4132-9804-8837BC631A65}.Debug|x86.ActiveCfg = Debug|Win32
		{1284BFD8-1DD6-4132-9804-8837BC631A65}.Debug|x86.Build.0 = Debug|Win32
		{1284BFD8-1DD6-4132-9804-8837BC631A65}.Release|x64.ActiveCfg = Release|x64
		{1284BFD8-1DD6-4132-9804-8837BC631A65}.Release|x64.Build.0 = Release|x64
		{1284BFD8-1DD6-4132-9804-8837BC631A65}.Release|x86.ActiveCfg = Release|Win32
		{1284BFD8-1DD6-4132-9804-8837BC631A65}.Release|x86.Build.0 = Release|Win32
		{4618784B-D57E-4020-992F-E6AAD9816F67}.Debug|x64.ActiveCfg = Debug|x64
		{4618784B-D57E-4020-992F-E6AAD9816F67}.Debug|x64.Build.0 = Debug|x64
		{4618784B-D57E-4020-992F-E6AAD9816F67}.Debug|x86.ActiveCfg = Debug|Win32
		{4618784B-D57E-4020-992F-E6AAD9816F67}.Debug|x86.Build.0 = Debug|Win32
		{4618784B-D57E-4020-992F-E6AAD9816F67}.Release|x64.ActiveCfg = Release|x64
		{4618784B-D57E-4020-992F-E6AAD9816F67}.Release|x64.Build.0 = Release|x64
		{4618784B-D57E-4020-992F-E6AAD9816F67}.Release|x86.ActiveCfg = Release|Win32
		{4618784B-D57E-4020-992F-E6AAD9816F67}.Release|x86.Build.0 = Release|Win32
		{C532386E-75F7-42FD-8C38-6FCA39CF28CA}.Debug|x64.ActiveCfg = Debug|x64
		{C532386E-75F7-42FD-8C38-6FCA39CF28CA}.Debug|x64.Build.0 = Debug|x64
		{C532386E-75F7-42FD-8C38-6FCA39CF28CA}.Debug|x86.ActiveCfg = Debug|Win32
		{C532386E-75F7-42FD-8C38-6FCA39CF28CA}.Debug|x86.Build.0 = Debug|Win32
		{C532386E-75F7-42FD-8C38-6FCA39CF28CA}.Release|x64.ActiveCfg = Release|x64
		{C532386E-75F7-42FD-8C38-6FCA39CF28CA}.Release|x64.Build.0 = Release|x64
		{C532386E-75F7-42FD-8C38-6FCA39CF28CA}.Release|x86.ActiveCfg = Release|Win32
		{C532386E-75F7-42FD-8C38-6FCA39CF28CA}.Release|x86.Build.0 = Release|Win32
		{CAECA2DB-87E5-4E31-9400-2A2C825B3B7C}.Debug|x64.ActiveCfg = Debug|x64
		{CAECA2DB-87E5-4E31-9400-2A2C825B3B7C}.Debug|x64.Build.0 = Debug|x64
		{CAECA2DB-87E5-4E31-9400-2A2C825B3B7C}.Debug|x86.ActiveCfg = Debug|Win32
		{CAECA2DB-87E5-4E31-9400-2A2C825B3B7C}.Debug|x86.Build.0 = Debug|Win32
		{CAECA2DB-87E5-4E31-9400-2A2C825B3B7C}.Release|x64.ActiveCfg = Release|x64
		{CAECA2DB-87E5-4E31-9400-2A2C825B3B7C}.Release|x64.Build.0 = Release|x64
		{CAECA2DB-87E5-4E31-9400-2A2C825B3B7C}.Release|x86.ActiveCfg = Release|Win32
		{CAECA2DB-87E5-4E31-9400-2A2C825B3B7C}.Release|x86.Build.0 = Release|Win32
		{89B35225-1A79-4110-A23E-4B5DF9522EF9}.Debug|x64.ActiveCfg = Debug|x64
		{89B35225-1A79-4110-A23E-4B5DF9522EF9}.Debug|x64.Build.0 = Debug|x64
		{89B35225-1A79-4110-A23E-4B5DF9522EF9}.Debug|x86.ActiveCfg = Debug|Win32
		{89B35225-1A79-4110-A23E-4B5DF9522EF9}.Debug|x86.Build.0 = Debug|Win32
		{89B35225-1A79-4110-A23E-4B5DF9522EF9}.Release|x64.ActiveCfg = Release|x64
		{89B35225-1A79-4110-A23E-4B5DF9522EF9}.Release|x64.Build.0 = Release|x64
		{89B35225-1A79-4110-A23E-4B5DF9522EF9}.Release|x86.ActiveCfg = Release|Win32
		{89B35225-1A79-4110-A23E-4B5DF9522EF9}.Release|x86.Build.0 = Release|Win32
		{FEF97FE0-B936-4FD0-98BD-82D85A8312F4}.Debug|x64.ActiveCfg = Debug|x64
		{FEF97FE0-B936-4FD0-98BD-82D85A8312F4}.Debug|x64.Build.0 = Debug|x64
		{FEF97FE0-B936-4FD0-98BD-82D85A8312F4}.Debug|x86.ActiveCfg = Debug|Win32
		{FEF97FE0-B936-4FD0-98BD-82D85A8312F4}.Debug|x86.Build.0 = Debug|Win32
		{FEF97FE0-B936-4FD0-98BD-82D85A8312F4}.Release|x64.ActiveCfg = Release|x64
		{FEF97FE0-B936-4FD0-98BD-82D85A8312F4}.Release|x64.Build.0 = Release|x64
		{FEF97FE0-B936-4FD0-98BD-82D85A8312F4}.Release|x86.ActiveCfg = Release|Win32
		{FEF97FE0-B936-4FD0-98BD-82D85A8312F4}.Release|x86.Build.0 = Release|Win32
		{79425155-8FB7-48C6-9140-88AE61DF9C52}.Debug|x64.ActiveCfg = Debug|x64
		{79425155-8FB7-48C6-9140-88AE61DF9C52}.Debug|x64.Build.0 = Debug|x64
		{79425155-8FB7-48C6-9140-88AE61DF9C52}.Debug|x86.ActiveCfg = Debug|Win32
		{79425155-8FB7-48C6-9140-88AE61DF9C52}.Debug|x86.Build.0 = Debug|Win32
		{79425155-8FB7-48C6-9140-88AE61DF9C52}.Release|x64.ActiveCfg = Release|x64
		{79425155-8FB7-48C6-9140-88AE61DF9C52}.Release|x64.Build.0 = Release|x64
		{79425155-8FB7-48C6-9140-88AE61DF9C52}.Release|x86.ActiveCfg = Release|Win32
		{79425155-8FB7-48C6-9140-88AE61DF9C52}.Release|x86.Build.0 = Release|Win32
		{871CB26B-041C-47D6-B6C0-C92377BC847A}.Debug|x64.ActiveCfg = Debug|x64
		{871CB26B-041C-47D6-B6C0-C92377BC847A}.Debug|x64.Build.0 = Debug|x64
		{871CB26B-041C-47D6-B6C0-C92377BC847A}.Debug|x86.ActiveCfg = Debug|Win32
		{871CB26B-041C-47D6-B6C0-C92377BC847A}.Debug|x86.Build.0 = Debug|Win32
		{871CB26B-041C-47D6-B6C0-C92377BC847A}.Release|x64.ActiveCfg = Release|x64
		{871CB26B-041C-47D6-B6C0-C92377BC847A}.Release|x64.Build.0 = Release|x64
		{871CB26B-041C-47D6-B6C0-C92377BC847A}.Release|x86.ActiveCfg = Release|Win32
		{871CB26B-041C-47D6-B6C0-C92377BC847A}.Release|x86.Build.0 = Release|Win32
		{6629C7CD-F3BF-4AED-BDAE-5F1BF649BC31}.Debug|x64.ActiveCfg = Debug|x64
		{6629C7CD-F3BF-4AED-BDAE-5F1BF649BC31}.Debug|x64.Build.0 = Debug|x64
		{6629C7CD-F3BF-4AED-BDAE-5F1BF649BC31}.Debug|x86.ActiveCfg = Debug|Win32
		{6629C7CD-F3BF-4AED-BDAE-5F1BF649BC31}.Debug|x86.Build.0 = Debug|Win32
		{6629C7CD-F3BF-4AED-BDAE-5F1BF649BC31}.Release|x64.ActiveCfg = Release|x64
		{6629C7CD-F3BF-4AED-BDAE-5F1BF649BC31}.Release|x64.Build.0 = Release|x64
		{6629C7CD-F3BF-4AED-BDAE-5F1BF649BC31}.Release|x86.ActiveCfg = Release|Win32
		{6629C7CD-F3BF-4AED-BDAE-5F1BF649BC31}.Release|x86.Build.0 = Release|Win32
		{0EA66398-6805-492F-A6EB-9017C9954C0A}.Debug|x64.ActiveCfg = Debug|x64
		{0EA66398-6805-492F-A6EB-9017C9954C0A}.Debug|x64.Build.0 = Debug|x64
		{0EA66398-6805-492F-A6EB-9017C9954C0A}.Debug|x86.ActiveCfg = Debug|Win32
		{0EA66398-6805-492F-A6EB-9017C9954C0A}.Debug|x86.Build.0 = Debug|Win32
		{0EA66398-6805-492F-A6EB-9017C9954C0A}.Release|x64.ActiveCfg = Release|x64
		{0EA66398-6805-492F-A6EB-9017C9954C0A}.Release|x64.Build.0 = Release|x64
		{0EA66398-6805-492F-A6EB-9017C9954C0A}.Release|x86.ActiveCfg = Release|Win32
		{0EA66398-6805-492F-A6EB-9017C9954C0A}.Release|x86.Build.0 = Release|Win32
		{41B470B2-2A46-46A7-B7EE-F08371240103}.Debug|x64.ActiveCfg = Debug|x64
		{41B470B2-2A46-46A7-B7EE-F08371240103}.Debug|x64.Build.0 = Debug|x64
		{41B470B2-2A46-46A7-B7EE-F08371240103}.Debug|x86.ActiveCfg = Debug|Win32
		{41B470B2-2A46-46A7-B7EE-F08371240103}.Debug|x86.Build.0 = Debug|Win32
		{41B470B2-2A46-46A7-B7EE-F08371240103}.Release|x64.ActiveCfg = Release|x64
		{41B470B2-2A46-46A7-B7EE-F08371240103}.Release|x64.Build.0 = Release|x64
		{41B470B2-2A46-46A7-B7EE-F08371240103}.Release|x86.ActiveCfg = Release|Win32
		{41B470B2-2A46-46A7-B7EE-F08371240103}.Release|x86.Build.0 = Release|Win32
		{38D96419-0847-4764-98D5-36FBED7D0390}.Debug|x64.ActiveCfg = Debug|x64
		{38D96419-0847-4764-98D5-36FBED7D0390}.Debug|x64.Build.0 = Debug|x64
		{38D96419-0847-4764-98D5-36FBED7D0390}.Debug|x86.ActiveCfg = Debug|Win32
		{38D96419-0847-4764-98D5-36FBED7D0390}.Debug|x86.Build.0 = Debug|Win32
		{38D96419-0847-4764-98D5-36FBED7D0390}.Release|x64.ActiveCfg = Release|x64
		{38D96419-0847-4764-98D5-36FBED7D0390}.Release|x64.Build.0 = Release|x64
		{38D96419-0847-4764-98D5-36FBED7D0390}.Release|x86.ActiveCfg = Release|Win32
		{38D96419-0847-4764-98D5-36FBED7D0390}.Release|x86.Build.0 = Release|Win32
		{493FF831-E72A-4B62-A4E5-F437C0BF1C5F}.Debug|x64.ActiveCfg = Debug|x64
		{493FF831-E72A-4B62-A4E5-F437C0BF1C5F}.Debug|x64.Build.0 = Debug|x64
		{493FF831-E72A-4B62-A4E5-F437C0BF1C5F}.Debug|x86.ActiveCfg = Debug|Win32
		{493FF831-E72A-4B62-A4E5-F437C0BF1C5F}.Debug|x86.Build.0 = Debug|Win32
		{493FF831-E72A-4B62-A4E5-F437C0BF1C5F}.Release|x64.ActiveCfg = Release|x64
		{493FF831-E72A-4B62-A4E5-F437C0BF1C5F}.Release|x64.Build.0 = Release|x64
		{493FF831-E72A-4B62-A4E5-F437C0BF1C5F}.Release|x86.ActiveCfg = Release|Win32
		{493FF831-E72A-4B62-A4E5-F437C0BF1C5F}.Release|x86.Build.0 = Release|Win32
		{E371F958-74BF-4B30-9396-3E664FD97DA6}.Debug|x64.ActiveCfg = Debug|x64
		{E371F958-74BF-4B30-9396-3E664FD97DA6}.Debug|x64.Build.0 = Debug|x64
		{E371F958-74BF-4B30-9396-3E664FD97DA6}.Debug|x86.ActiveCfg = Debug|Win32
		{E371F958-74BF-4B30-9396-3E664FD97DA6}.Debug|x86.Build.0 = Debug|Win32
		{E371F958-74BF-4B30-9396-3E664FD97DA6}.Release|x64.ActiveCfg = Release|x64
		{E371F958-74BF-4B30-9396-3E664FD97DA6}.Release|x64.Build.0 = Release|x64
		{E371F958-74BF-4B30-9396-3E664FD97DA6}.Release|x86.ActiveCfg = Release|Win32
		{E371F958-74BF-4B30-9396-3E664FD97DA6}.Release|x86.Build.0 = Release|Win32
		{6AB74255-930D-40AB-A5A4-DEEA946CAFA2}.Debug|x64.ActiveCfg = Debug|x64
		{6AB74255-930D-40AB-A5A4-DEEA946CAFA2}.Debug|x64.Build.0 = Debug|x64
		{6AB74255-930D-40AB-A5A4-DEEA946CAFA2}.Debug|x86.ActiveCfg = Debug|Win32
		{6AB74255-930D-40AB-A5A4-DEEA946CAFA2}.Debug|x86.Build.0 = Debug|Win32
		{6AB74255-930D-40AB-A5A4-DEEA946CAFA2}.Release|x64.ActiveCfg = Release|x64
		{6AB74255-930D-40AB-A5A4-DEEA946CAFA2}.Release|x64.Build.0 = Release|x64
		{6AB74255-930D-40AB-A5A4-DEEA946CAFA2}.Release|x86.ActiveCfg = Release|Win32
		{6AB74255-930D-40AB-A5A4-DEEA946CAFA2}.Release|x86.Build.0 = Release|Win32
		{39D9BC96-F18E-42B9-83B2-86802DC9B178}.Debug|x64.ActiveCfg = Debug|x64
		{39D9BC96-F18E-42B9-83B2-86802DC9B178}.Debug|x64.Build.0 = Debug|x64
		{39D9BC96-F18E-42B9-83B2-86802DC9B178}.Debug|x86.ActiveCfg = Debug|Win32
		{39D9BC96-F18E-42B9-83B2-86802DC9B178}.Debug|x86.Build.0 = Debug|Win32
		{39D9BC96-F18E-42B9-83B2-86802DC9B178}.Release|x64.ActiveCfg = Release|x64
		{39D9BC96-F18E-42B9-83B2-86802DC9B178}.Release|x64.Build.0 = Release|x64
		{39D9BC96-F18E-42B9-83B2-86802DC9B178}.Release|x86.ActiveCfg = Release|Win32
		{39D9BC96-F18E-42B9-83B2-86802DC9B178}.Release|x86.Build.0 = Release|Win32
		{6AF4AA6F-05BA-4BA5-B4AF-A947B017D8DE}.Debug|x64.ActiveCfg = Debug|x64
		{6AF4AA6F-05BA-4BA5-B4AF-A947B017D8DE}.Debug|x64.Build.0 = Debug|x64
		{6AF4AA6F-05BA-4BA5-B4AF-A947B017D8DE}.Debug|x86.ActiveCfg = Debug|Win32
		{6AF4AA6F-05BA-4BA5-B4AF-A947B017D8DE}.Debug|x86.Build.0 = Debug|Win32
		{6AF4AA6F-05BA-4BA5-B4AF-A947B017D8DE}.Release|x64.ActiveCfg = Release|x64
		{6AF4AA6F-05BA-4BA5-B4AF-A947B017D8DE}.Release|x64.Build.0 = Release|x64
		{6AF4AA6F-05BA-4BA5-B4AF-A947B017D8DE}.Release|x86.ActiveCfg = Release|Win32
		{6AF4AA6F-05BA-4BA5-B4AF-A947B017D8DE}.Release|x86.Build.0 = Release|Win32
		{10A62C80-96D7-4991-96E2-CC2234DC1070}.Debug|x64.ActiveCfg = Debug|x64
		{10A62C80-96D7-4991-96E2-CC2234DC1070}.Debug|x64.Build.0 = Debug|x64
		{10A62C80-96D7-4991-96E2-CC2234DC1070}.Debug|x86.ActiveCfg = Debug|Win32
		{10A62C80-96D7-4991-96E2-CC2234DC1070}.Debug|x86.Build.0 = Debug|Win32
		{10A62C80-96D7-4991-96E2-CC2234DC1070}.Release|x64.ActiveCfg = Release|x64
		{10A62C80-96D7-4991-96E2-CC2234DC1070}.Release|x64.Build.0 = Release|x64
		{10A62C80-96D7-4991-96E2-CC2234DC1070}.Release|x86.ActiveCfg = Release|Win32
		{10A62C80-96D7-4991-96E2-CC2234DC1070}.Release|x86.Build.0 = Release|Win32
		{EE144468-440B-4895-912F-911F60860128}.Debug|x64.ActiveCfg = Debug|x64
		{EE144468-440B-4895-912F-911F60860128}.Debug|x64.Build.0 = Debug|x64
		{EE144468-440B-4895-912F-911F60860128}.Debug|x86.ActiveCfg = Debug|Win32
		{EE144468-440B-4895-912F-911F60860128}.Debug|x86.Build.0 = Debug|Win32
		{EE144468-440B-4895-912F-911F60860128}.Release|x64.ActiveCfg = Release|x64
		{EE144468-440B-4895-912F-911F60860128}.Release|x64.Build.0 = Release|x64
		{EE144468-440B-4895-912F-911F60860128}.Release|x86.ActiveCfg = Release|Win32
		{EE144468-440B-4895-912F-911F60860128}.Release|x86.Build.0 = Release|Win32
		{8E3D8115-5EF0-4AD2-ABC4-23CA59D6185E}.Debug|x64.ActiveCfg = Debug|x64
		{8E3D8115-5EF0-4AD2-ABC4-23CA59D6185E}.Debug|x64.Build.0 = Debug|x64
		{8E3D8115-5EF0-4AD2-ABC4-23CA59D6185E}.Debug|x86.ActiveCfg = Debug|Win32
		{8E3D8115-5EF0-4AD2-ABC4-23CA59D6185E}.Debug|x86.Build.0 = Debug|Win32
		{8E3D8115-5EF0-4AD2-ABC4-23CA59D6185E}.Release|x64.ActiveCfg = Release|x64
		{8E3D8115-5EF0-4AD2-ABC4-23CA59D6185E}.Release|x64.Build.0 = Release|x64
		{8E3D8115-5EF0-4AD2-ABC4-23CA59D6185E}.Release|x86.ActiveCfg = Release|Win32
		{8E3D8115-5EF0-4AD2-ABC4-23CA59D6185E}.Release|x86.Build.0 = Release|Win32
		{CC364B95-A6D5-4413-8466-0A7D09727E71}.Debug|x64.ActiveCfg = Debug|x64
		{CC364B95-A6D5-4413-8466-0A7D09727E71}.Debug|x64.Build.0 = Debug|x64
		{CC364B95-A6D5-4413-8466-0A7D09727E71}.Debug|x86.ActiveCfg = Debug|Win32
		{CC364B95-A6D5-4413-8466-0A7D09727E71}.Debug|x86.Build.0 = Debug|Win32
		{CC364B95-A6D5-4413-8466-0A7D09727E71}.Release|x64.ActiveCfg = Release|x64
		{CC364B95-A6D5-4413-8466-0A7D09727E71}.Release|x64.Build.0 = Release|x64
		{CC364B95-A6D5-4413-8466-0A7D09727E71}.Release|x86.ActiveCfg = Release|Win32
		{CC364B95-A6D5-4413-8466-0A7D09727E71}.Release|x86.Build.0 = Release|Win32
		{F85D42F3-0CC8-43A2-A25C-4F100D6C9FB5}.Debug|x64.ActiveCfg = Debug|x64
		{F85D42F3-0CC8-43A2-A25C-4F100D6C9FB5}.Debug|x64.Build.0 = Debug|x64
		{F85D42F3-0CC8-43A2-A25C-4F100D6C9FB5}.Debug|x86.ActiveCfg = Debug|Win32
		{F85D42F3-0CC8-43A2-A25C-4F100D6C9FB5}.Debug|x86.Build.0 = Debug|Win32
		{F85D42F3-0CC8-43A2-A25C-4F100D6C9FB5}.Release|x64.ActiveCfg = Release|x64
		{F85D42F3-0CC8-43A2-A25C-4F100D6C9FB5}.Release|x64.Build.0 = Release|x64
		{F85D42F3-0CC8-43A2-A25C-4F100D6C9FB5}.Release|x86.ActiveCfg = Release|Win32
		{F85D42F3-0CC8-43A2-A25C-4F100D6C9FB5}.Release|x86.Build.0 = Release|Win32
		{8C57B08B-EC61-44C1-9F76-83ABC9746A30}.Debug|x64.ActiveCfg = Debug|x64
		{8C57B08B-EC61-44C1-9F76-83ABC9746A30}.Debug|x64.Build.0 = Debug|x64
		{8C57B08B-EC61-44C1-9F76-83ABC9746A30}.Debug|x86.ActiveCfg = Debug|Win32
		{8C57B08B-EC61-44C1-9F76-83ABC9746A30}.Debug|x86.Build.0 = Debug|Win32
		{8C57B08B-EC61-44C1-9F76-83ABC9746A30}.Release|x64.ActiveCfg = Release|x64
		{8C57B08B-EC61-44C1-9F76-83ABC9746A30}.Release|x64.Build.0 = Release|x64
		{8C57B08B-EC61-44C1-9F76-83ABC9746A30}.Release|x86.ActiveCfg = Release|Win32
		{8C57B08B-EC61-44C1-9F76-83ABC9746A30}.Release|x86.Build.0 = Release|Win32
		{78A89554-AAC1-446F-A791-C4391FBC0BF2}.Debug|x64.ActiveCfg = Debug|x64
		{78A89554-AAC1-446F-A791-C4391FBC0BF2}.Debug|x64.Build.0 = Debug|x64
		{78A89554-AAC1-446F-A791-C4391FBC0BF2}.Debug|x86.ActiveCfg = Debug|Win32
		{78A89554-AAC1-446F-A791-C4391FBC0BF2}.Debug|x86.Build.0 = Debug|Win32
		{78A89554-AAC1-446F-A791-C4391FBC0BF2}.Release|x64.ActiveCfg = Release|x64
		{78A89554-AAC1-446F-A791-C4391FBC0BF2}.Release|x64.Build.0 = Release|x64
		{78A89554-AAC1-446F-A791-C4391FBC0BF2}.Release|x86.ActiveCfg = Release|Win32
		{78A89554-AAC1-446F-A791-C4391FBC0BF2}.Release|x86.Build.0 = Release|Win32
		{8EF43D6A-F7EA-4271-B898-7875DAE09C67}.Debug|x64.ActiveCfg = Debug|x64
		{8EF43D6A-F7EA-4271-B898-7875DAE09C67}.Debug|x64.Build.0 = Debug|x64
		{8EF43D6A-F7EA-4271-B898-7875DAE09C67}.Debug|x86.ActiveCfg = Debug|Win32
		{8EF43D6A-F7EA-4271-B898-7875DAE09C67}.Debug|x86.Build.0 = Debug|Win32
		{8EF43D6A-F7EA-4271-B898-7875DAE09C67}.Release|x64.ActiveCfg = Release|x64
		{8EF43D6A-F7EA-4271-B898-7875DAE09C67}.Release|x64.Build.0 = Release|x64
		{8EF43D6A-F7EA-4271-B898-7875DAE09C67}.Release|x86.ActiveCfg = Release|Win32
		{8EF43D6A-F7EA-4271-B898-7875DAE09C67}.Release|x86.Build.0 = Release|Win32
		{FE9C75D2-78F4-4DFB-A9B4-C0937EC0E158}.Debug|x64.ActiveCfg = Debug|x64
		{FE9C75D2-78F4-4DFB-A9B4-C0937EC0E158}.Debug|x64.Build.0 = Debug|x64
		{FE9C75D2-78F4-4DFB-A9B4-C0937EC0E158}.Debug|x86.ActiveCfg = Debug|Win32
		{FE9C75D2-78F4-4DFB-A9B4-C0937EC0E158}.Debug|x86.Build.0 = Debug|Win32
		{FE9C75D2-78F4-4DFB-A9B4-C0937EC0E158}.Release|x64.ActiveCfg = Release|x64
		{FE9C75D2-78F4-4DFB-A9B4-C0937EC0E158}.Release|x64.Build.0 = Release|x64
		{FE9C75D2-78F4-4DFB-A9B4-C0937EC0E158}.Release|x86.ActiveCfg = Release|Win32
		{FE9C75D2-78F4-4DFB-A9B4-C0937EC0E158}.Release|x86.Build.0 = Release|Win32
		{5EA35772-72F1-4AA4-A33E-A7FE8259CA4B}.Debug|x64.ActiveCfg = Debug|x64
		{5EA35772-72F1-4AA4-A33E-A7FE8259CA4B}.Debug|x64.Build.0 = Debug|x64
		{5EA35772-72F1-4AA4-A33E-A7FE8259CA4B}.Debug|x86.ActiveCfg = Debug|Win32
		{5EA35772-72F1-4AA4-A33E-A7FE8259CA4B}.Debug|x86.Build.0 = Debug|Win32
		{5EA35772-72F1-4AA4-A33E-A7FE8259CA4B}.Release|x64.ActiveCfg = Release|x64
		{5EA35772-72F1-4AA4-A33E-A7FE8259CA4B}.Release|x64.Build.0 = Release|x64
		{5EA35772-72F1-4AA4-A33E-A7FE8259CA4B}.Release|x86.ActiveCfg = Release|Win32
		{5EA35772-72F1-4AA4-A33E-A7FE8259CA4B}.Release|x86.Build.0 = Release|Win32
		{85F2556D-771D-4A40-8BB1-1E2D0AD52DAD}.Debug|x64.ActiveCfg = Debug|x64
		{85F2556D-771D-4A40-8BB1-1E2D0AD52DAD}.Debug|x64.Build.0 = Debug|x64
		{85F2556D-771D-4A40-8BB1-1E2D0AD52DAD}.Debug|x86.ActiveCfg = Debug|Win32
		{85F2556D-771D-4A40-8BB1-1E2D0AD52DAD}.Debug|x86.Build.0 = Debug|Win32
		{85F2556D-771D-4A40-8BB1-1E2D0AD52DAD}.Release|x64.ActiveCfg = Release|x64
		{85F2556D-771D-4A40-8BB1-1E2D0AD52DAD}.Release|x64.Build.0 = Release|x64
		{85F2556D-771D-4A40-8BB1-1E2D0AD52DAD}.Release|x86.ActiveCfg = Release|Win32
		{85F2556D-771D-4A40-8BB1-1E2D0AD52DAD}.Release|x86.Build.0 = Release|Win32
		{35DCBF55-8D23-460F-873A-E3A80A46347A}.Debug|x64.ActiveCfg = Debug|x64
		{35DCBF55-8D23-460F-873A-E3A80A46347A}.Debug|x64.Build.0 = Debug|x64
		{35DCBF55-8D23-460F-873A-E3A80A46347A}.Debug|x86.ActiveCfg = Debug|Win32
		{35DCBF55-8D23-460F-873A-E3A80A46347A}.Debug|x86.Build.0 = Debug|Win32
		{35DCBF55-8D23-460F-873A-E3A80A46347A}.Release|x64.ActiveCfg = Release|x64
		{35DCBF55-8D23-460F-873A-E3A80A46347A}.Release|x64.Build.0 = Release|x64
		{35DCBF55-8D23-460F-873A-E3A80A46347A}.Release|x86.ActiveCfg = Release|Win32
		{35DCBF55-8D23-460F-873A-E3A80A46347A}.Release|x86.Build.0 = Release|Win32
		{FEE99583-A148-45F6-85A2-33A1EA08DC2E}.Debug|x64.ActiveCfg = Debug|x64
		{FEE99583-A148-45F6-85A2-33A1EA08DC2E}.Debug|x64.Build.0 = Debug|x64
		{FEE99583-A148-45F6-85A2-33A1EA08DC2E}.Debug|x86.ActiveCfg = Debug|Win32
		{FEE99583-A148-45F6-85A2-33A1EA08DC2E}.Debug|x86.Build.0 = Debug|Win32
		{FEE99583-A148-45F6-85A2-33A1EA08DC2E}.Release|x64.ActiveCfg = Release|x64
		{FEE99583-A148-45F6-85A2-33A1EA08DC2E}.Release|x64.Build.0 = Release|x64
		{FEE99583-A148-45F6-85A2-33A1EA08DC2E}.Release|x86.ActiveCfg = Release|Win32
		{FEE99583-A148-45F6-85A2-33A1EA08DC2E}.Release|x86.Build.0 = Release|Win32
		{F0285274-5525-4810-AF0A-BF290476A7DE}.Debug|x64.ActiveCfg = Debug|x64
		{F0285274-5525-4810-AF0A-BF290476A7DE}.Debug|x64.Build.0 = Debug|x64
		{F0285274-5525-4810-AF0A-BF290476A7DE}.Debug|x86.ActiveCfg = Debug|Win32
		{F0285274-5525-4810-AF0A-BF290476A7DE}.Debug|x86.Build.0 = Debug|Win32
		{F0285274-5525-4810-AF0A-BF290476A7DE}.Release|x64.ActiveCfg = Release|x64
		{F0285274-5525-4810-AF0A-BF290476A7DE}.Release|x64.Build.0 = Release|x64
		{F0285274-5525-4810-AF0A-BF290476A7DE}.Release|x86.ActiveCfg = Release|Win32
		{F0285274-5525-4810-AF0A-BF290476A7DE}.Release|x86.Build.0 = Release|Win32
		{B29AF94E-B3A0-4AC4-B875-89A6677EF645}.Debug|x64.ActiveCfg = Debug|x64
		{B29AF94E-B3A0-4AC4-B875-89A6677EF645}.Debug|x64.Build.0 = Debug|x64
		{B29AF94E-B3A0-4AC4-B875-89A6677EF645}.Debug|x86.ActiveCfg = Debug|Win32
		{B29AF94E-B3A0-4AC4-B875-89A6677EF645}.Debug|x86.Build.0 = Debug|Win32
		{B29AF94E-B3A0-4AC4-B875-89A6677EF645}.Release|x64.ActiveCfg = Release|x64
		{B29AF94E-B3A0-4AC4-B875-89A6677EF645}.Release|x64.Build.0 = Release|x64
		{B29AF94E-B3A0-4AC4-B875-89A6677EF645}.Release|x86.ActiveCfg = Release|Win32
		{B29AF94E-B3A0-4AC4-B875-89A6677EF645}.Release|x86.Build.0 = Release|Win32
		{D520A42C-ECCC-44BC-9A27-71959382AA4F}.Debug|x64.ActiveCfg = Debug|x64
		{D520A42C-ECCC-44BC-9A27-71959382AA4F}.Debug|x64.Build.0 = Debug|x64
		{D520A42C-ECCC-44BC-9A27-71959382AA4F}.Debug|x86.ActiveCfg = Debug|Win32
		{D520A42C-ECCC-44BC-9A27-71959382AA4F}.Debug|x86.Build.0 = Debug|Win32
		{D520A42C-ECCC-44BC-9A27-71959382AA4F}.Release|x64.ActiveCfg = Release|x64
		{D520A42C-ECCC-44BC-9A27-71959382AA4F}.Release|x64.Build.0 = Release|x64
		{D520A42C-ECCC-44BC-9A27-71959382AA4F}.Release|x86.ActiveCfg = Release|Win32
		{D520A42C-ECCC-44BC-9A27-71959382AA4F}.Release|x86.Build.0 = Release|Win32
		{7FBEEBC2-5D15-497E-895C-4902C0F1E11F}.Debug|x64.ActiveCfg = Debug|x64
		{7FBEEBC2-5D15-497E-895C-4902C0F1E11F}.Debug|x64.Build.0 = Debug|x64
		{7FBEEBC2-5D15-497E-895C-4902C0F1E11F}.Debug|x86.ActiveCfg = Debug|Win32
		{7FBEEBC2-5D15-497E-895C-4902C0F1E11F}.Debug|x86.Build.0 = Debug|Win32
		{7FBEEBC2-5D15-497E-895C-4902C0F1E11F}.Release|x64.ActiveCfg = Release|x64
		{7FBEEBC2-5D15-497E-895C-4902C0F1E11F}.Release|x64.Build.0 = Release|x64
		{7FBEEBC2-5D15-497E-895C-4902C0F1E11F}.Release|x86.ActiveCfg = Release|Win32
		{7FBEEBC2-5D15-497E-895C-4902C0F1E11F}.Release|x86.Build.0 = Release|Win32
		{03C36B00-D203-4ACD-BFEB-7C44089EBA64}.Debug|x64.ActiveCfg = Debug|x64
		{03C36B00-D203-4ACD-BFEB-7C44089EBA64}.Debug|x64.Build.0 = Debug|x64
		{03C36B00-D203-4ACD-BFEB-7C44089EBA64}.Debug|x86.ActiveCfg = Debug|Win32
		{03C36B00-D203-4ACD-BFEB-7C44089EBA64}.Debug|x86.Build.0 = Debug|Win32
		{03C36B00-D203-4ACD-BFEB-7C44089EBA64}.Release|x64.ActiveCfg = Release|x64
		{03C36B00-D203-4ACD-BFEB-7C44089EBA64}.Release|x64.Build.0 = Release|x64
		{03C36B00-D203-4ACD-BFEB-7C44089EBA64}.Release|x86.ActiveCfg = Release|Win32
		{03C36B00-D203-4ACD-BFEB-7C44089EBA64}.Release|x86.Build.0 = Release|Win32
		{BF510E67-B022-4DC8-B1BB-DFD9AE9D5456}.Debug|x64.ActiveCfg = Debug|x64
		{BF510E67-B022-4DC8-B1BB-DFD9AE9D5456}.Debug|x64.Build.0 = Debug|x64
		{BF510E67-B022-4DC8-B1BB-DFD9AE9D5456}.Debug|x86.ActiveCfg = Debug|Win32
		{BF510E67-B022-4DC8-B1BB-DFD9AE9D5456}.Debug|x86.Build.0 = Debug|Win32
		{BF510E67-B022-4DC8-B1BB-DFD9AE9D5456}.Release|x64.ActiveCfg = Release|x64
		{BF510E67-B022-4DC8-B1BB-DFD9AE9D5456}.Release|x64.Build.0 = Release|x64
		{BF510E67-B022-4DC8-B1BB-DFD9AE9D5456}.Release|x86.ActiveCfg = Release|Win32
		{BF510E67-B022-4DC8-B1BB-DFD9AE9D5456}.Release|x86.Build.0 = Release|Win32
		{FF10D6E1-83A3-41E5-BFAB-93DEF88AB2B4}.Debug|x64.ActiveCfg = Debug|x64
		{FF10D6E1-83A3-41E5-BFAB-93DEF88AB2B4}.Debug|x64.Build.0 = Debug|x64
		{FF10D6E1-83A3-41E5-BFAB-93DEF88AB2B4}.Debug|x86.ActiveCfg = Debug|Win32
		{FF10D6E1-83A3-41E5-BFAB-93DEF88AB2B4}.Debug|x86.Build.0 = Debug|Win32
		{FF10D6E1-83A3-41E5-BFAB-93DEF88AB2B4}.Release|x64.ActiveCfg = Release|x64
		{FF10D6E1-83A3-41E5-BFAB-93DEF88AB2B4}.Release|x64.Build.0 = Release|x64
		{FF10D6E1-83A3-41E5-BFAB-93DEF88AB2B4}.Release|x86.ActiveCfg = Release|Win32
		{FF10D6E1-83A3-41E5-BFAB-93DEF88AB2B4}.Release|x86.Build.0 = Release|Win32
		{57469EE4-2896-4972-90BB-A956F14893C8}.Debug|x64.ActiveCfg = Debug|x64
		{57469EE4-2896-4972-90BB-A956F14893C8}.Debug|x64.Build.0 = Debug|x64
		{57469EE4-2896-4972-90BB-A956F14893C8}.Debug|x86.ActiveCfg = Debug|Win32
		{57469EE4-2896-4972-90BB-A956F14893C8}.Debug|x86.Build.0 = Debug|Win32
		{57469EE4-2896-4972-90BB-A956F14893C8}.Release|x64.ActiveCfg = Release|x64
		{57469EE4-2896-4972-90BB-A956F14893C8}.Release|x64.Build.0 = Release|x64
		{57469EE4-2896-4972-90BB-A956F14893C8}.Release|x86.ActiveCfg = Release|Win32
		{57469EE4-2896-4972-90BB-A956F14893C8}.Release|x86.Build.0 = Release|Win32
		{A2CA3B81-197E-40D6-8CA7-371F6526CFF5}.Debug|x64.ActiveCfg = Debug|x64
		{A2CA3B81-197E-40D6-8CA7-371F6526CFF5}.Debug|x64.Build.0 = Debug|x64
		{A2CA3B81-197E-40D6-8CA7-371F6526CFF5}.Debug|x86.ActiveCfg = Debug|Win32
		{A2CA3B81-197E-40D6-8CA7-371F6526CFF5}.Debug|x86.Build.0 = Debug|Win32
		{A2CA3B81-197E-40D6-8CA7-371F6526CFF5}.Release|x64.ActiveCfg = Release|x64
		{A2CA3B81-197E-40D6-8CA7-371F6526CFF5}.Release|x64.Build.0 = Release|x64
		{A2CA3B81-197E-40D6-8CA7-371F6526CFF5}.Release|x86.ActiveCfg = Release|Win32
		{A2CA3B81-197E-40D6-8CA7-371F6526CFF5}.Release|x86.Build.0 = Release|Win32
		{77CE28EE-A2CF-45E6-944D-BE2C0853CD08}.Debug|x64.ActiveCfg = Debug|x64
		{77CE28EE-A2CF-45E6-944D-BE2C0853CD08}.Debug|x64.Build.0 = Debug|x64
		{77CE28EE-A2CF-45E6-944D-BE2C0853CD08}.Debug|x86.ActiveCfg = Debug|Win32
		{77CE28EE-A2CF-45E6-944D-BE2C0853CD08}.Debug|x86.Build.0 = Debug|Win32
		{77CE28EE-A2CF-45E6-944D-BE2C0853CD08}.Release|x64.ActiveCfg = Release|x64
		{77CE28EE-A2CF-45E6-944D-BE2C0853CD08}.Release|x64.Build.0 = Release|x64
		{77CE28EE-A2CF-45E6-944D-BE2C0853CD08}.Release|x86.ActiveCfg = Release|Win32
		{77CE28EE-A2CF-45E6-944D-BE2C0853CD08}.Release|x86.Build.0 = Release|Win32
		{AF8DDE48-1046-431E-90F8-F9C93F9FDA41}.Debug|x64.ActiveCfg = Debug|x64
		{AF8DDE48-1046-431E-90F8-F9C93F9FDA41}.Debug|x64.Build.0 = Debug|x64
		{AF8DDE48-1046-431E-90F8-F9C93F9FDA41}.Debug|x86.ActiveCfg = Debug|Win32
		{AF8DDE48-1046-431E-90F8-F9C93F9FDA41}.Debug|x86.Build.0 = Debug|Win32
		{AF8DDE48-1046-431E-90F8-F9C93F9FDA41}.Release|x64.ActiveCfg = Release|x64
		{AF8DDE48-1046-431E-90F8-F9C93F9FDA41}.Release|x64.Build.0 = Release|x64
		{AF8DDE48-1046-431E-90F8-F9C93F9FDA41}.Release|x86.ActiveCfg = Release|Win32
		{AF8DDE48-1046-431E-90F8-F9C93F9FDA41}.Release|x86.Build.0 = Release|Win32
		{1E19EE39-8FA2-4919-A639-A950A564AD77}.Debug|x64.ActiveCfg = Debug|x64
		{1E19EE39-8FA2-4919-A639-A950A564AD77}.Debug|x64.Build.0 = Debug|x64
		{1E19EE39-8FA2-4919-A639-A950A564AD77}.Debug|x86.ActiveCfg = Debug|Win32
		{1E19EE39-8FA2-4919-A639-A950A564AD77}.Debug|x86.Build.0 = Debug|Win32
		{1E19EE39-8FA2-4919-A639-A950A564AD77}.Release|x64.ActiveCfg = Release|x64
		{1E19EE39-8FA2-4919-A639-A950A564AD77}.Release|x64.Build.0 = Release|x64
		{1E19EE39-8FA2-4919-A639-A950A564AD77}.Release|x86.ActiveCfg = Release|Win32
		{1E19EE39-8FA2-4919-A639-A950A564AD77}.Release|x86.Build.0 = Release|Win32
		{73D4CE50-75C2-4E36-9497-1CF496AFF5EA}.Debug|x64.ActiveCfg = Debug|x64
		{73D4CE50-75C2-4E36-9497-1CF496AFF5EA}.Debug|x64.Build.0 = Debug|x64
		{73D4CE50-75C2-4E36-9497-1CF496AFF5EA}.Debug|x86.ActiveCfg = Debug|Win32
		{73D4CE50-75C2-4E36-9497-1CF496AFF5EA}.Debug|x86.Build.0 = Debug|Win32
		{73D4CE50-75C2-4E36-9497-1CF496AFF5EA}.Release|x64.ActiveCfg = Release|x64
		{73D4CE50-75C2-4E36-9497-1CF496AFF5EA}.Release|x64.Build.0 = Release|x64
		{73D4CE50-75C2-4E36-9497-1CF496AFF5EA}.Release|x86.ActiveCfg = Release|Win32
		{73D4CE50-75C2-4E36-9497-1CF496AFF5EA}.Release|x86.Build.0 = Release|Win32
		{37428D5B-30B1-4A03-93AC-E45B0E796831}.Debug|x64.ActiveCfg = Debug|x64
		{37428D5B-30B1-4A03-93AC-E45B0E796831}.Debug|x64.Build.0 = Debug|x64
		{37428D5B-30B1-4A03-93AC-E45B0E796831}.Debug|x86.ActiveCfg = Debug|Win32
		{37428D5B-30B1-4A03-93AC-E45B0E796831}.Debug|x86.Build.0 = Debug|Win32
		{37428D5B-30B1-4A03-93AC-E45B0E796831}.Release|x64.ActiveCfg = Release|x64
		{37428D5B-30B1-4A03-93AC-E45B0E796831}.Release|x64.Build.0 = Release|x64
		{37428D5B-30B1-4A03-93AC-E45B0E796831}.Release|x86.ActiveCfg = Release|Win32
		{37428D5B-30B1-4A03-93AC-E45B0E796831}.Release|x86.Build.0 = Release|Win32
		{6D6C5E08-01A7-4D01-9729-F98F61EA7B3E}.Debug|x64.ActiveCfg = Debug|x64
		{6D6C5E08-01A7-4D01-9729-F98F61EA7B3E}.Debug|x64.Build.0 = Debug|x64
		{6D6C5E08-01A7-4D01-9729-F98F61EA7B3E}.Debug|x86.ActiveCfg = Debug|Win32
		{6D6C5E08-01A7-4D01-9729-F98F61EA7B3E}.Debug|x86.Build.0 = Debug|Win32
		{6D6C5E08-01A7-4D01-9729-F98F61EA7B3E}.Release|x64.ActiveCfg = Release|x64
		{6D6C5E08-01A7-4D01-9729-F98F61EA7B3E}.Release|x64.Build.0 = Release|x64
		{6D6C5E08-01A7-4D01-9729-F98F61EA7B3E}.Release|x86.ActiveCfg = Release|Win32
		{6D6C5E08-01A7-4D01-9729-F98F61EA7B3E}.Release|x86.Build.0 = Release|Win32
		{5DD60398-C054-4E94-846E-A55239FE99EF}.Debug|x64.ActiveCfg = Debug|x64
		{5DD60398-C054-4E94-846E-A55239FE99EF}.Debug|x64.Build.0 = Debug|x64
		{5DD60398-C054-4E94-846E-A55239FE99EF}.Debug|x86.ActiveCfg = Debug|Win32
		{5DD60398-C054-4E94-846E-A55239FE99EF}.Debug|x86.Build.0 = Debug|Win32
		{5DD60398-C054-4E94-846E-A55239FE99EF}.Release|x64.ActiveCfg = Release|x64
		{5DD60398-C054-4E94-846E-A55239FE99EF}.Release|x64.Build.0 = Release|x64
		{5DD60398-C054-4E94-846E-A55239FE99EF}.Release|x86.ActiveCfg = Release|Win32
		{5DD60398-C054-4E94-846E-A55239FE99EF}.Release|x86.Build.0 = Release|Win32
		{6A02B7C4-6B7E-4EB0-85C1-907FB7371EA5}.Debug|x64.ActiveCfg = Debug|x64
		{6A02B7C4-6B7E-4EB0-85C1-907FB7371EA5}.Debug|x64.Build.0 = Debug|x64
		{6A02B7C4-6B7E-4EB0-85C1-907FB7371EA5}.Debug|x86.ActiveCfg = Debug|Win32
		{6A02B7C4-6B7E-4EB0-85C1-907FB7371EA5}.Debug|x86.Build.0 = Debug|Win32
		{6A02B7C4-6B7E-4EB0-85C1-907FB7371EA5}.Release|x64.ActiveCfg = Release|x64
		{6A02B7C4-6B7E-4EB0-85C1-907FB7371EA5}.Release|x64.Build.0 = Release|x64
		{6A02B7C4-6B7E-4EB0-85C1-907FB7371EA5}.Release|x86.ActiveCfg = Release|Win32
		{6A02B7C4-6B7E-4EB0-85C1-907FB7371EA5}.Release|x86.Build.0 = Release|Win32
		{62C8EC13-86B3-4564-8341-0DFE0C36EC2E}.Debug|x64.ActiveCfg = Debug|x64
		{62C8EC13-86B3-4564-8341-0DFE0C36EC2E}.Debug|x64.Build.0 = Debug|x64
		{62C8EC13-86B3-4564-8341-0DFE0C36EC2E}.Debug|x86.ActiveCfg = Debug|Win32
		{62C8EC13-86B3-4564-8341-0DFE0C36EC2E}.Debug|x86.Build.0 = Debug|Win32
		{62C8EC13-86B3-4564-8341-0DFE0C36EC2E}.Release|x64.ActiveCfg = Release|x64
		{62C8EC13-86B3-4564-8341-0DFE0C36EC2E}.Release|x64.Build.0 = Release|x64
		{62C8EC13-86B3-4564-8341-0DFE0C36EC2E}.Release|x86.ActiveCfg = Release|Win32
		{62C8EC13-86B3-4564-8341-0DFE0C36EC2E}.Release|x86.Build.0 = Release|Win32
		{404D0DE3-AF3E-41F2-BDC6-8E88153E9528}.Debug|x64.ActiveCfg = Debug|x64
		{404D0DE3-AF3E-41F2-BDC6-8E88153E9528}.Debug|x64.Build.0 = Debug|x64
		{404D0DE3-AF3E-41F2-BDC6-8E88153E9528}.Debug|x86.ActiveCfg = Debug|Win32
		{404D0DE3-AF3E-41F2-BDC6-8E88153E9528}.Debug|x86.Build.0 = Debug|Win32
		{404D0DE3-AF3E-41F2-BDC6-8E88153E9528}.Release|x64.ActiveCfg = Release|x64
		{404D0DE3-AF3E-41F2-BDC6-8E88153E9528}.Release|x64.Build.0 = Release|x64
		{404D0DE3-AF3E-41F2-BDC6-8E88153E9528}.Release|x86.ActiveCfg = Release|Win32
		{404D0DE3-AF3E-41F2-BDC6-8E88153E9528}.Release|x86.Build.0 = Release|Win32
		{64CF56D4-8650-45D8-B5F6-C21CEB9CBF10}.Debug|x64.ActiveCfg = Debug|x64
		{64CF56D4-8650-45D8-B5F6-C21CEB9CBF10}.Debug|x64.Build.0 = Debug|x64
		{64CF56D4-8650-45D8-B5F6-C21CEB9CBF10}.Debug|x86.ActiveCfg = Debug|Win32
		{64CF56D4-8650-45D8-B5F6-C21CEB9CBF10}.Debug|x86.Build.0 = Debug|Win32
		{64CF56D4-8650-45D8-B5F6-C21CEB9CBF10}.Release|x64.ActiveCfg = Release|x64
		{64CF56D4-8650-45D8-B5F6-C21CEB9CBF10}.Release|x64.Build.0 = Release|x64
		{64CF56D4-8650-45D8-B5F6-C21CEB9CBF10}.Release|x86.ActiveCfg = Release|Win32
		{64CF56D4-8650-45D8-B5F6-C21CEB9CBF10}.Release|x86.Build.0 = Release|Win32
		{3BE07D69-5024-40F5-A3CE-569F78B0EBD3}.Debug|x64.ActiveCfg = Debug|x64
		{3BE07D69-5024-40F5-A3CE-569F78B0EBD3}.Debug|x64.Build.0 = Debug|x64
		{3BE07D69-5024-40F5-A3CE-569F78B0EBD3}.Debug|x86.ActiveCfg = Debug|Win32
		{3BE07D69-5024-40F5-A3CE-569F78B0EBD3}.Debug|x86.Build.0 = Debug|Win32
		{3BE07D69-5024-40F5-A3CE-569F78B0EBD3}.Release|x64.ActiveCfg = Release|x64
		{3BE07D69-5024-40F5-A3CE-569F78B0EBD3}.Release|x64.Build.0 = Release|x64
		{3BE07D69-5024-40F5-A3CE-569F78B0EBD3}.Release|x86.ActiveCfg = Release|Win32
		{3BE07D69-5024-40F5-A3CE-569F78B0EBD3}.Release|x86.Build.0 = Release|Win32
		{8A8EEB66-C59F-4BE9-894A-CCDAC80DBBED}.Debug|x64.ActiveCfg = Debug|x64
		{8A8EEB66-C59F-4BE9-894A-CCDAC80DBBED}.Debug|x64.Build.0 = Debug|x64
		{8A8EEB66-C59F-4BE9-894A-CCDAC80DBBED}.Debug|x86.ActiveCfg = Debug|Win32
		{8A8EEB66-C59F-4BE9-894A-CCDAC80DBBED}.Debug|x86.Build.0 = Debug|Win32
		{8A8EEB66-C59F-4BE9-894A-CCDAC80DBBED}.Release|x64.ActiveCfg = Release|x64
		{8A8EEB66-C59F-4BE9-894A-CCDAC80DBBED}.Release|x64.Build.0 = Release|x64
		{8A8EEB66-C59F-4BE9-894A-CCDAC80DBBED}.Release|x86.ActiveCfg = Release|Win32
		{8A8EEB66-C59F-4BE9-894A-CCDAC80DBBED}.Release|x86.Build.0 = Release|Win32
		{77C5FF2C-B142-4327-83D2-C4C1D14E4312}.Debug|x64.ActiveCfg = Debug|x64
		{77C5FF2C-B142-4327-83D2-C4C1D14E4312}.Debug|x64.Build.0 = Debug|x64
		{77C5FF2C-B142-4327-83D2-C4C1D14E4312}.Debug|x86.ActiveCfg = Debug|Win32
		{77C5FF2C-B142-4327-83D2-C4C1D14E4312}.Debug|x86.Build.0 = Debug|Win32
		{77C5FF2C-B142-4327-83D2-C4C1D14E4312}.Release|x64.ActiveCfg = Release|x64
		{77C5FF2C-B142-4327-83D2-C4C1D14E4312}.Release|x64.Build.0 = Release|x64
		{77C5FF2C-B142-4327-83D2-C4C1D14E4312}.Release|x86.ActiveCfg = Release|Win32
		{77C5FF2C-B142-4327-83D2-C4C1D14E4312}.Release|x86.Build.0 = Release|Win32
		{2981F008-34B8-41A3-AD9C-98DFA236FEB5}.Debug|x64.ActiveCfg = Debug|x64
		{2981F008-34B8-41A3-AD9C-98DFA236FEB5}.Debug|x64.Build.0 = Debug|x64
		{2981F008-34B8-41A3-AD9C-98DFA236FEB5}.Debug|x86.ActiveCfg = Debug|Win32
		{2981F008-34B8-41A3-AD9C-98DFA236FEB5}.Debug|x86.Build.0 = Debug|Win32
		{2981F008-34B8-41A3-AD9C-98DFA236FEB5}.Release|x64.ActiveCfg = Release|x64
		{2981F008-34B8-41A3-AD9C-98DFA236FEB5}.Release|x64.Build.0 = Release|x64
		{2981F008-34B8-41A3-AD9C-98DFA236FEB5}.Release|x86.ActiveCfg = Release|Win32
		{2981F008-34B8-41A3-AD9C-98DFA236FEB5}.Release|x86.Build.0 = Release|Win32
		{428C9AF0-1793-4F3E-8AFC-65D23F0C4B15}.Debug|x64.ActiveCfg = Debug|x64
		{428C9AF0-1793-4F3E-8AFC-65D23F0C4B15}.Debug|x64.Build.0 = Debug|x64
		{428C9AF0-1793-4F3E-8AFC-65D23F0C4B15}.Debug|x86.ActiveCfg = Debug|Win32
		{428C9AF0-1793-4F3E-8AFC-65D23F0C4B15}.Debug|x86.Build.0 = Debug|Win32
		{428C9AF0-1793-4F3E-8AFC-65D23F0C4B15}.Release|x64.ActiveCfg = Release|x64
		{428C9AF0-1793-4F3E-8AFC-65D23F0C4B15}.Release|x64.Build.0 = Release|x64
		{428C9AF0-1793-4F3E-8AFC-65D23F0C4B15}.Release|x86.ActiveCfg = Release|Win32
		{428C9AF0-1793-4F3E-8AFC-65D23F0C4B15}.Release|x86.Build.0 = Release|Win32
	EndGlobalSection
	GlobalSection(SolutionProperties) = preSolution
		HideSolutionNode = FALSE
	EndGlobalSection
	GlobalSection(NestedProjects) = preSolution
		{1486581B-73B4-44F2-8762-F372D8DE83BC} = {C70AB2B0-A722-406A-99BE-C0D4B8F0D8BE}
		{D843BAD0-E769-4D4A-98AB-F8322AA8AC2B} = {C70AB2B0-A722-406A-99BE-C0D4B8F0D8BE}
		{1284BFD8-1DD6-4132-9804-8837BC631A65} = {C70AB2B0-A722-406A-99BE-C0D4B8F0D8BE}
		{4618784B-D57E-4020-992F-E6AAD9816F67} = {C70AB2B0-A722-406A-99BE-C0D4B8F0D8BE}
		{C532386E-75F7-42FD-8C38-6FCA39CF28CA} = {5C496728-A56C-4EB9-B2A6-889E2E96F883}
		{CAECA2DB-87E5-4E31-9400-2A2C825B3B7C} = {5C496728-A56C-4EB9-B2A6-889E2E96F883}
		{89B35225-1A79-4110-A23E-4B5DF9522EF9} = {5C496728-A56C-4EB9-B2A6-889E2E96F883}
		{FEF97FE0-B936-4FD0-98BD-82D85A8312F4} = {0515BE67-277E-4D20-AD2B-65DAEC72E9EC}
		{79425155-8FB7-48C6-9140-88AE61DF9C52} = {0515BE67-277E-4D20-AD2B-65DAEC72E9EC}
		{871CB26B-041C-47D6-B6C0-C92377BC847A} = {0515BE67-277E-4D20-AD2B-65DAEC72E9EC}
		{6629C7CD-F3BF-4AED-BDAE-5F1BF649BC31} = {0515BE67-277E-4D20-AD2B-65DAEC72E9EC}
		{0EA66398-6805-492F-A6EB-9017C9954C0A} = {0515BE67-277E-4D20-AD2B-65DAEC72E9EC}
		{41B470B2-2A46-46A7-B7EE-F08371240103} = {119B1534-3C6D-47B6-A871-58E2007F654F}
		{38D96419-0847-4764-98D5-36FBED7D0390} = {119B1534-3C6D-47B6-A871-58E2007F654F}
		{493FF831-E72A-4B62-A4E5-F437C0BF1C5F} = {119B1534-3C6D-47B6-A871-58E2007F654F}
		{E371F958-74BF-4B30-9396-3E664FD97DA6} = {119B1534-3C6D-47B6-A871-58E2007F654F}
		{6AB74255-930D-40AB-A5A4-DEEA946CAFA2} = {119B1534-3C6D-47B6-A871-58E2007F654F}
		{39D9BC96-F18E-42B9-83B2-86802DC9B178} = {F8A933A3-EDF6-4734-AA2E-262890A30105}
		{6AF4AA6F-05BA-4BA5-B4AF-A947B017D8DE} = {F8A933A3-EDF6-4734-AA2E-262890A30105}
		{10A62C80-96D7-4991-96E2-CC2234DC1070} = {F8A933A3-EDF6-4734-AA2E-262890A30105}
		{EE144468-440B-4895-912F-911F60860128} = {F8A933A3-EDF6-4734-AA2E-262890A30105}
		{8E3D8115-5EF0-4AD2-ABC4-23CA59D6185E} = {F8A933A3-EDF6-4734-AA2E-262890A30105}
		{CC364B95-A6D5-4413-8466-0A7D09727E71} = {5AD21354-6E31-4B54-A014-3CA948D6C5A8}
		{F85D42F3-0CC8-43A2-A25C-4F100D6C9FB5} = {5AD21354-6E31-4B54-A014-3CA948D6C5A8}
		{8C57B08B-EC61-44C1-9F76-83ABC9746A30} = {5AD21354-6E31-4B54-A014-3CA948D6C5A8}
		{78A89554-AAC1-446F-A791-C4391FBC0BF2} = {5AD21354-6E31-4B54-A014-3CA948D6C5A8}
		{8EF43D6A-F7EA-4271-B898-7875DAE09C67} = {5AD21354-6E31-4B54-A014-3CA948D6C5A8}
		{FE9C75D2-78F4-4DFB-A9B4-C0937EC0E158} = {5AD21354-6E31-4B54-A014-3CA948D6C5A8}
		{5EA35772-72F1-4AA4-A33E-A7FE8259CA4B} = {5AD21354-6E31-4B54-A014-3CA948D6C5A8}
		{85F2556D-771D-4A40-8BB1-1E2D0AD52DAD} = {E11BA465-A037-4DEB-AD3E-0AD70796062E}
		{35DCBF55-8D23-460F-873A-E3A80A46347A} = {E11BA465-A037-4DEB-AD3E-0AD70796062E}
		{FEE99583-A148-45F6-85A2-33A1EA08DC2E} = {E11BA465-A037-4DEB-AD3E-0AD70796062E}
		{F0285274-5525-4810-AF0A-BF290476A7DE} = {E11BA465-A037-4DEB-AD3E-0AD70796062E}
		{B29AF94E-B3A0-4AC4-B875-89A6677EF645} = {E11BA465-A037-4DEB-AD3E-0AD70796062E}
		{D520A42C-ECCC-44BC-9A27-71959382AA4F} = {E11BA465-A037-4DEB-AD3E-0AD70796062E}
		{7FBEEBC2-5D15-497E-895C-4902C0F1E11F} = {E11BA465-A037-4DEB-AD3E-0AD70796062E}
		{03C36B00-D203-4ACD-BFEB-7C44089EBA64} = {3103C24A-19E2-408D-9CF1-0198BD7E6FC8}
		{BF510E67-B022-4DC8-B1BB-DFD9AE9D5456} = {3103C24A-19E2-408D-9CF1-0198BD7E6FC8}
		{FF10D6E1-83A3-41E5-BFAB-93DEF88AB2B4} = {3103C24A-19E2-408D-9CF1-0198BD7E6FC8}
		{57469EE4-2896-4972-90BB-A956F14893C8} = {3103C24A-19E2-408D-9CF1-0198BD7E6FC8}
		{A2CA3B81-197E-40D6-8CA7-371F6526CFF5} = {38E446CA-22AF-4F29-AADD-4B5125D03CA1}
		{77CE28EE-A2CF-45E6-944D-BE2C0853CD08} = {38E446CA-22AF-4F29-AADD-4B5125D03CA1}
		{AF8DDE48-1046-431E-90F8-F9C93F9FDA41} = {38E446CA-22AF-4F29-AADD-4B5125D03CA1}
		{1E19EE39-8FA2-4919-A639-A950A564AD77} = {38E446CA-22AF-4F29-AADD-4B5125D03CA1}
		{73D4CE50-75C2-4E36-9497-1CF496AFF5EA} = {38E446CA-22AF-4F29-AADD-4B5125D03CA1}
		{37428D5B-30B1-4A03-93AC-E45B0E796831} = {38E446CA-22AF-4F29-AADD-4B5125D03CA1}
		{6D6C5E08-01A7-4D01-9729-F98F61EA7B3E} = {38E446CA-22AF-4F29-AADD-4B5125D03CA1}
		{5DD60398-C054-4E94-846E-A55239FE99EF} = {092C3676-62AD-4DD3-9A27-251DF6357051}
		{6A02B7C4-6B7E-4EB0-85C1-907FB7371EA5} = {092C3676-62AD-4DD3-9A27-251DF6357051}
		{62C8EC13-86B3-4564-8341-0DFE0C36EC2E} = {092C3676-62AD-4DD3-9A27-251DF6357051}
		{404D0DE3-AF3E-41F2-BDC6-8E88153E9528} = {092C3676-62AD-4DD3-9A27-251DF6357051}
		{64CF56D4-8650-45D8-B5F6-C21CEB9CBF10} = {092C3676-62AD-4DD3-9A27-251DF6357051}
		{3BE07D69-5024-40F5-A3CE-569F78B0EBD3} = {6EB38D18-38A2-478C-941D-7AA00D961C3C}
		{8A8EEB66-C59F-4BE9-894A-CCDAC80DBBED} = {6EB38D18-38A2-478C-941D-7AA00D961C3C}
		{77C5FF2C-B142-4327-83D2-C4C1D14E4312} = {6EB38D18-38A2-478C-941D-7AA00D961C3C}
		{2981F008-34B8-41A3-AD9C-98DFA236FEB5} = {6EB38D18-38A2-478C-941D-7AA00D961C3C}
		{428C9AF0-1793-4F3E-8AFC-65D23F0C4B15} = {6EB38D18-38A2-478C-941D-7AA00D961C3C}
	EndGlobalSection
	GlobalSection(ExtensibilityGlobals) = postSolution
		SolutionGuid = {9ABB9283-38E5-4BB6-B2D2-49BCF452277A}
	EndGlobalSection
EndGlobal
