
Microsoft Visual Studio Solution File, Format Version 12.00
# Visual Studio 15
VisualStudioVersion = 15.0.27130.2020
MinimumVisualStudioVersion = 10.0.40219.1
Project("{2150E333-8FDC-42A3-9474-1A3956D46DE8}") = "Day06", "Day06", "{C70AB2B0-A722-406A-99BE-C0D4B8F0D8BE}"
EndProject
Project("{8BC9CEB8-8B4A-11D0-8D11-00A0C91BC942}") = "单继承", "Day06\Test\Test.vcxproj", "{1486581B-73B4-44F2-8762-F372D8DE83BC}"
EndProject
Project("{8BC9CEB8-8B4A-11D0-8D11-00A0C91BC942}") = "多继承以及虚继承", "Day06\多继承以及虚继承\多继承以及虚继承.vcxproj", "{D843BAD0-E769-4D4A-98AB-F8322AA8AC2B}"
EndProject
Project("{8BC9CEB8-8B4A-11D0-8D11-00A0C91BC942}") = "多态", "Day06\多态\多态.vcxproj", "{1284BFD8-1DD6-4132-9804-8837BC631A65}"
EndProject
Project("{8BC9CEB8-8B4A-11D0-8D11-00A0C91BC942}") = "虚析构函数", "Day06\虚析构函数\虚析构函数.vcxproj", "{4618784B-D57E-4020-992F-E6AAD9816F67}"
EndProject
Project("{2150E333-8FDC-42A3-9474-1A3956D46DE8}") = "Day07", "Day07", "{5C496728-A56C-4EB9-B2A6-889E2E96F883}"
EndProject
Project("{8BC9CEB8-8B4A-11D0-8D11-00A0C91BC942}") = "Test", "Day07\Test\Test.vcxproj", "{C532386E-75F7-42FD-8C38-6FCA39CF28CA}"
EndProject
Global
	GlobalSection(SolutionConfigurationPlatforms) = preSolution
		Debug|x64 = Debug|x64
		Debug|x86 = Debug|x86
		Release|x64 = Release|x64
		Release|x86 = Release|x86
	EndGlobalSection
	GlobalSection(ProjectConfigurationPlatforms) = postSolution
		{1486581B-73B4-44F2-8762-F372D8DE83BC}.Debug|x64.ActiveCfg = Debug|x64
		{1486581B-73B4-44F2-8762-F372D8DE83BC}.Debug|x64.Build.0 = Debug|x64
		{1486581B-73B4-44F2-8762-F372D8DE83BC}.Debug|x86.ActiveCfg = Debug|Win32
		{1486581B-73B4-44F2-8762-F372D8DE83BC}.Debug|x86.Build.0 = Debug|Win32
		{1486581B-73B4-44F2-8762-F372D8DE83BC}.Release|x64.ActiveCfg = Release|x64
		{1486581B-73B4-44F2-8762-F372D8DE83BC}.Release|x64.Build.0 = Release|x64
		{1486581B-73B4-44F2-8762-F372D8DE83BC}.Release|x86.ActiveCfg = Release|Win32
		{1486581B-73B4-44F2-8762-F372D8DE83BC}.Release|x86.Build.0 = Release|Win32
		{D843BAD0-E769-4D4A-98AB-F8322AA8AC2B}.Debug|x64.ActiveCfg = Debug|x64
		{D843BAD0-E769-4D4A-98AB-F8322AA8AC2B}.Debug|x64.Build.0 = Debug|x64
		{D843BAD0-E769-4D4A-98AB-F8322AA8AC2B}.Debug|x86.ActiveCfg = Debug|Win32
		{D843BAD0-E769-4D4A-98AB-F8322AA8AC2B}.Debug|x86.Build.0 = Debug|Win32
		{D843BAD0-E769-4D4A-98AB-F8322AA8AC2B}.Release|x64.ActiveCfg = Release|x64
		{D843BAD0-E769-4D4A-98AB-F8322AA8AC2B}.Release|x64.Build.0 = Release|x64
		{D843BAD0-E769-4D4A-98AB-F8322AA8AC2B}.Release|x86.ActiveCfg = Release|Win32
		{D843BAD0-E769-4D4A-98AB-F8322AA8AC2B}.Release|x86.Build.0 = Release|Win32
		{1284BFD8-1DD6-4132-9804-8837BC631A65}.Debug|x64.ActiveCfg = Debug|x64
		{1284BFD8-1DD6-4132-9804-8837BC631A65}.Debug|x64.Build.0 = Debug|x64
		{1284BFD8-1DD6-4132-9804-8837BC631A65}.Debug|x86.ActiveCfg = Debug|Win32
		{1284BFD8-1DD6-4132-9804-8837BC631A65}.Debug|x86.Build.0 = Debug|Win32
		{1284BFD8-1DD6-4132-9804-8837BC631A65}.Release|x64.ActiveCfg = Release|x64
		{1284BFD8-1DD6-4132-9804-8837BC631A65}.Release|x64.Build.0 = Release|x64
		{1284BFD8-1DD6-4132-9804-8837BC631A65}.Release|x86.ActiveCfg = Release|Win32
		{1284BFD8-1DD6-4132-9804-8837BC631A65}.Release|x86.Build.0 = Release|Win32
		{4618784B-D57E-4020-992F-E6AAD9816F67}.Debug|x64.ActiveCfg = Debug|x64
		{4618784B-D57E-4020-992F-E6AAD9816F67}.Debug|x64.Build.0 = Debug|x64
		{4618784B-D57E-4020-992F-E6AAD9816F67}.Debug|x86.ActiveCfg = Debug|Win32
		{4618784B-D57E-4020-992F-E6AAD9816F67}.Debug|x86.Build.0 = Debug|Win32
		{4618784B-D57E-4020-992F-E6AAD9816F67}.Release|x64.ActiveCfg = Release|x64
		{4618784B-D57E-4020-992F-E6AAD9816F67}.Release|x64.Build.0 = Release|x64
		{4618784B-D57E-4020-992F-E6AAD9816F67}.Release|x86.ActiveCfg = Release|Win32
		{4618784B-D57E-4020-992F-E6AAD9816F67}.Release|x86.Build.0 = Release|Win32
		{C532386E-75F7-42FD-8C38-6FCA39CF28CA}.Debug|x64.ActiveCfg = Debug|x64
		{C532386E-75F7-42FD-8C38-6FCA39CF28CA}.Debug|x64.Build.0 = Debug|x64
		{C532386E-75F7-42FD-8C38-6FCA39CF28CA}.Debug|x86.ActiveCfg = Debug|Win32
		{C532386E-75F7-42FD-8C38-6FCA39CF28CA}.Debug|x86.Build.0 = Debug|Win32
		{C532386E-75F7-42FD-8C38-6FCA39CF28CA}.Release|x64.ActiveCfg = Release|x64
		{C532386E-75F7-42FD-8C38-6FCA39CF28CA}.Release|x64.Build.0 = Release|x64
		{C532386E-75F7-42FD-8C38-6FCA39CF28CA}.Release|x86.ActiveCfg = Release|Win32
		{C532386E-75F7-42FD-8C38-6FCA39CF28CA}.Release|x86.Build.0 = Release|Win32
	EndGlobalSection
	GlobalSection(SolutionProperties) = preSolution
		HideSolutionNode = FALSE
	EndGlobalSection
	GlobalSection(NestedProjects) = preSolution
		{1486581B-73B4-44F2-8762-F372D8DE83BC} = {C70AB2B0-A722-406A-99BE-C0D4B8F0D8BE}
		{D843BAD0-E769-4D4A-98AB-F8322AA8AC2B} = {C70AB2B0-A722-406A-99BE-C0D4B8F0D8BE}
		{1284BFD8-1DD6-4132-9804-8837BC631A65} = {C70AB2B0-A722-406A-99BE-C0D4B8F0D8BE}
		{4618784B-D57E-4020-992F-E6AAD9816F67} = {C70AB2B0-A722-406A-99BE-C0D4B8F0D8BE}
		{C532386E-75F7-42FD-8C38-6FCA39CF28CA} = {5C496728-A56C-4EB9-B2A6-889E2E96F883}
	EndGlobalSection
	GlobalSection(ExtensibilityGlobals) = postSolution
		SolutionGuid = {9ABB9283-38E5-4BB6-B2D2-49BCF452277A}
	EndGlobalSection
EndGlobal
