
Microsoft Visual Studio Solution File, Format Version 12.00
# Visual Studio 15
VisualStudioVersion = 15.0.27130.2020
MinimumVisualStudioVersion = 10.0.40219.1
Project("{2150E333-8FDC-42A3-9474-1A3956D46DE8}") = "Day06", "Day06", "{C70AB2B0-A722-406A-99BE-C0D4B8F0D8BE}"
EndProject
Project("{2150E333-8FDC-42A3-9474-1A3956D46DE8}") = "GitHubTestFile", "GitHubTestFile", "{B193B791-C95D-4670-8507-30E896213F0A}"
	ProjectSection(SolutionItems) = preProject
		TextFile1.cpp = TextFile1.cpp
	EndProjectSection
EndProject
Global
	GlobalSection(SolutionProperties) = preSolution
		HideSolutionNode = FALSE
	EndGlobalSection
	GlobalSection(NestedProjects) = preSolution
		{B193B791-C95D-4670-8507-30E896213F0A} = {C70AB2B0-A722-406A-99BE-C0D4B8F0D8BE}
	EndGlobalSection
	GlobalSection(ExtensibilityGlobals) = postSolution
		SolutionGuid = {9ABB9283-38E5-4BB6-B2D2-49BCF452277A}
	EndGlobalSection
EndGlobal
